
Microsoft Visual Studio Solution File, Format Version 12.00
# Visual Studio Version 17
VisualStudioVersion = 17.3.32825.248
MinimumVisualStudioVersion = 10.0.40219.1
Project("{FAE04EC0-301F-11D3-BF4B-00C04F79EFBC}") = "myPet2", "myPet2.csproj", "{71B52010-38A3-4D88-B5FE-C2D0586AEBBA}"
EndProject
Global
	GlobalSection(SolutionConfigurationPlatforms) = preSolution
		Debug|Any CPU = Debug|Any CPU
		Release|Any CPU = Release|Any CPU
	EndGlobalSection
	GlobalSection(ProjectConfigurationPlatforms) = postSolution
		{71B52010-38A3-4D88-B5FE-C2D0586AEBBA}.Debug|Any CPU.ActiveCfg = Debug|Any CPU
		{71B52010-38A3-4D88-B5FE-C2D0586AEBBA}.Debug|Any CPU.Build.0 = Debug|Any CPU
		{71B52010-38A3-4D88-B5FE-C2D0586AEBBA}.Release|Any CPU.ActiveCfg = Release|Any CPU
		{71B52010-38A3-4D88-B5FE-C2D0586AEBBA}.Release|Any CPU.Build.0 = Release|Any CPU
	EndGlobalSection
	GlobalSection(SolutionProperties) = preSolution
		HideSolutionNode = FALSE
	EndGlobalSection
	GlobalSection(ExtensibilityGlobals) = postSolution
		SolutionGuid = {BCBF62CD-A51C-409A-A548-2884B420C350}
	EndGlobalSection
EndGlobal
